<?xml version="1.0" encoding="UTF-8"?>
<Project xmlns="http://schemas.microsoft.com/developer/msbuild/2003" ToolsVersion="4.0">
    <ItemGroup>
        <Filter Include="header">
            <UniqueIdentifier>{6546E69D-F92F-4730-8205-3DE9CB458C9B}</UniqueIdentifier>
            <Extensions>h;hpp</Extensions>
        </Filter>
        <Filter Include="resource">
            <UniqueIdentifier>{00E42555-4B13-4855-9726-E91595C787C6}</UniqueIdentifier>
            <Extensions>hlsl;jpg;jpeg;png;wav;mp3;ico;dds;rc;obj</Extensions>
        </Filter>
        <Filter Include="source">
            <UniqueIdentifier>{45D9FF6B-8805-4F17-9A69-23FF7E0D292D}</UniqueIdentifier>
            <Extensions>cpp;c</Extensions>
        </Filter>
    </ItemGroup>
    <ItemGroup>
        <ClCompile Include="..\..\..\src\exercice2\main.cpp">
            <Filter>source</Filter>
        </ClCompile>
        <ClCompile Include="..\..\..\src\exercice2\pch.cpp">
            <Filter>source</Filter>
        </ClCompile>
        <ClInclude Include="..\..\..\src\exercice2\main.h">
            <Filter>header</Filter>
        </ClInclude>
        <ClInclude Include="..\..\..\src\exercice2\pch.h">
            <Filter>header</Filter>
        </ClInclude>
        <ClInclude Include="..\..\..\src\exercice2\resource.h">
            <Filter>header</Filter>
        </ClInclude>
        <None Include="..\..\..\src\exercice2\app.ico">
            <Filter>resource</Filter>
        </None>
        <None Include="..\..\..\src\exercice2\app.rc">
            <Filter>resource</Filter>
        </None>
        <None Include="..\..\..\src\exercice2\small.ico">
            <Filter>resource</Filter>
        </None>
    </ItemGroup>
</Project>
